
Microsoft Visual Studio Solution File, Format Version 12.00
# Visual Studio 15
VisualStudioVersion = 15.0.26730.12
MinimumVisualStudioVersion = 10.0.40219.1
Project("{FAE04EC0-301F-11D3-BF4B-00C04F79EFBC}") = "ControleBanco", "ControleBanco\ControleBanco.csproj", "{1FD2506B-93B4-4B63-A846-DBC0962D4979}"
EndProject
Global
	GlobalSection(SolutionConfigurationPlatforms) = preSolution
		Debug|Any CPU = Debug|Any CPU
		Release|Any CPU = Release|Any CPU
	EndGlobalSection
	GlobalSection(ProjectConfigurationPlatforms) = postSolution
		{1FD2506B-93B4-4B63-A846-DBC0962D4979}.Debug|Any CPU.ActiveCfg = Debug|Any CPU
		{1FD2506B-93B4-4B63-A846-DBC0962D4979}.Debug|Any CPU.Build.0 = Debug|Any CPU
		{1FD2506B-93B4-4B63-A846-DBC0962D4979}.Release|Any CPU.ActiveCfg = Release|Any CPU
		{1FD2506B-93B4-4B63-A846-DBC0962D4979}.Release|Any CPU.Build.0 = Release|Any CPU
	EndGlobalSection
	GlobalSection(SolutionProperties) = preSolution
		HideSolutionNode = FALSE
	EndGlobalSection
	GlobalSection(ExtensibilityGlobals) = postSolution
		SolutionGuid = {F9CEA65C-5AA6-4CF9-B3AF-C9925A52AD9A}
	EndGlobalSection
EndGlobal
